
Microsoft Visual Studio Solution File, Format Version 12.00
# Visual Studio Version 17
VisualStudioVersion = 17.12.35527.113
MinimumVisualStudioVersion = 10.0.40219.1
Project("{8BC9CEB8-8B4A-11D0-8D11-00A0C91BC942}") = "exo1", "exo1.vcxproj", "{A2457AB1-729F-4356-853C-B2D0CB88319E}"
EndProject
Project("{8BC9CEB8-8B4A-11D0-8D11-00A0C91BC942}") = "exo 2", "..\exo 2\exo 2.vcxproj", "{54C8A65E-FE22-448D-916A-35E09111EE57}"
EndProject
Global
	GlobalSection(SolutionConfigurationPlatforms) = preSolution
		Debug|x64 = Debug|x64
		Debug|x86 = Debug|x86
		Release|x64 = Release|x64
		Release|x86 = Release|x86
	EndGlobalSection
	GlobalSection(ProjectConfigurationPlatforms) = postSolution
		{A2457AB1-729F-4356-853C-B2D0CB88319E}.Debug|x64.ActiveCfg = Debug|x64
		{A2457AB1-729F-4356-853C-B2D0CB88319E}.Debug|x64.Build.0 = Debug|x64
		{A2457AB1-729F-4356-853C-B2D0CB88319E}.Debug|x86.ActiveCfg = Debug|Win32
		{A2457AB1-729F-4356-853C-B2D0CB88319E}.Debug|x86.Build.0 = Debug|Win32
		{A2457AB1-729F-4356-853C-B2D0CB88319E}.Release|x64.ActiveCfg = Release|x64
		{A2457AB1-729F-4356-853C-B2D0CB88319E}.Release|x64.Build.0 = Release|x64
		{A2457AB1-729F-4356-853C-B2D0CB88319E}.Release|x86.ActiveCfg = Release|Win32
		{A2457AB1-729F-4356-853C-B2D0CB88319E}.Release|x86.Build.0 = Release|Win32
		{54C8A65E-FE22-448D-916A-35E09111EE57}.Debug|x64.ActiveCfg = Debug|x64
		{54C8A65E-FE22-448D-916A-35E09111EE57}.Debug|x64.Build.0 = Debug|x64
		{54C8A65E-FE22-448D-916A-35E09111EE57}.Debug|x86.ActiveCfg = Debug|Win32
		{54C8A65E-FE22-448D-916A-35E09111EE57}.Debug|x86.Build.0 = Debug|Win32
		{54C8A65E-FE22-448D-916A-35E09111EE57}.Release|x64.ActiveCfg = Release|x64
		{54C8A65E-FE22-448D-916A-35E09111EE57}.Release|x64.Build.0 = Release|x64
		{54C8A65E-FE22-448D-916A-35E09111EE57}.Release|x86.ActiveCfg = Release|Win32
		{54C8A65E-FE22-448D-916A-35E09111EE57}.Release|x86.Build.0 = Release|Win32
	EndGlobalSection
	GlobalSection(SolutionProperties) = preSolution
		HideSolutionNode = FALSE
	EndGlobalSection
EndGlobal
